
Microsoft Visual Studio Solution File, Format Version 11.00
# Visual Studio 2010
Project("{FAE04EC0-301F-11D3-BF4B-00C04F79EFBC}") = "Let's Try Assets", "Assembly-CSharp.csproj", "{2D7F7FBC-897A-2F4D-D1BC-AAB880BFB85C}"
EndProject
Project("{FAE04EC0-301F-11D3-BF4B-00C04F79EFBC}") = "Let's Try Assets", "Assembly-CSharp-firstpass.csproj", "{5472017C-C7EF-558A-95BD-40021FA33042}"
EndProject
Project("{FAE04EC0-301F-11D3-BF4B-00C04F79EFBC}") = "Let's Try Assets", "Assembly-CSharp-Editor.csproj", "{EBFED7A0-79F8-7B52-33D0-8FE91106A684}"
EndProject
Project("{FAE04EC0-301F-11D3-BF4B-00C04F79EFBC}") = "Let's Try Assets", "Assembly-CSharp-Editor-firstpass.csproj", "{AE595B42-EE90-C509-5097-E480EEFD9BEB}"
EndProject
Global
	GlobalSection(SolutionConfigurationPlatforms) = preSolution
		Debug|Any CPU = Debug|Any CPU
		Release|Any CPU = Release|Any CPU
	EndGlobalSection
	GlobalSection(ProjectConfigurationPlatforms) = postSolution
		{2D7F7FBC-897A-2F4D-D1BC-AAB880BFB85C}.Debug|Any CPU.ActiveCfg = Debug|Any CPU
		{2D7F7FBC-897A-2F4D-D1BC-AAB880BFB85C}.Debug|Any CPU.Build.0 = Debug|Any CPU
		{2D7F7FBC-897A-2F4D-D1BC-AAB880BFB85C}.Release|Any CPU.ActiveCfg = Release|Any CPU
		{2D7F7FBC-897A-2F4D-D1BC-AAB880BFB85C}.Release|Any CPU.Build.0 = Release|Any CPU
		{5472017C-C7EF-558A-95BD-40021FA33042}.Debug|Any CPU.ActiveCfg = Debug|Any CPU
		{5472017C-C7EF-558A-95BD-40021FA33042}.Debug|Any CPU.Build.0 = Debug|Any CPU
		{5472017C-C7EF-558A-95BD-40021FA33042}.Release|Any CPU.ActiveCfg = Release|Any CPU
		{5472017C-C7EF-558A-95BD-40021FA33042}.Release|Any CPU.Build.0 = Release|Any CPU
		{EBFED7A0-79F8-7B52-33D0-8FE91106A684}.Debug|Any CPU.ActiveCfg = Debug|Any CPU
		{EBFED7A0-79F8-7B52-33D0-8FE91106A684}.Debug|Any CPU.Build.0 = Debug|Any CPU
		{EBFED7A0-79F8-7B52-33D0-8FE91106A684}.Release|Any CPU.ActiveCfg = Release|Any CPU
		{EBFED7A0-79F8-7B52-33D0-8FE91106A684}.Release|Any CPU.Build.0 = Release|Any CPU
		{AE595B42-EE90-C509-5097-E480EEFD9BEB}.Debug|Any CPU.ActiveCfg = Debug|Any CPU
		{AE595B42-EE90-C509-5097-E480EEFD9BEB}.Debug|Any CPU.Build.0 = Debug|Any CPU
		{AE595B42-EE90-C509-5097-E480EEFD9BEB}.Release|Any CPU.ActiveCfg = Release|Any CPU
		{AE595B42-EE90-C509-5097-E480EEFD9BEB}.Release|Any CPU.Build.0 = Release|Any CPU
	EndGlobalSection
	GlobalSection(SolutionProperties) = preSolution
		HideSolutionNode = FALSE
	EndGlobalSection
	GlobalSection(MonoDevelopProperties) = preSolution
		StartupItem = Assembly-CSharp.csproj
	EndGlobalSection
EndGlobal
